{
  "name": "deepseek-codex-proxy",
  "lockfileVersion": 3,
  "requires": true,
  "packages": {
    "": {
      "name": "deepseek-codex-proxy",
      "dependencies": {
        "@codeproxy/cli": "0.2.9"
      }
    },
    "node_modules/@codeproxy/cli": {
      "version": "0.2.9",
      "resolved": "https://registry.npmjs.org/@codeproxy/cli/-/cli-0.2.9.tgz",
      "integrity": "sha512-XQFMx7oRgbh9BztGFKXGjM9yHVK9ecb8I7hNVH2Dhoh+UFUBjpsEJcxPiba7ikaGAVxf/zzgKvV4+OB1/lfkzw==",
      "license": "MIT",
      "dependencies": {
        "@codeproxy/core": "^0.1.6"
      },
      "bin": {
        "codeproxy": "dist/cli.js"
      },
      "engines": {
        "node": ">=18"
      }
    },
    "node_modules/@codeproxy/core": {
      "version": "0.1.15",
      "resolved": "https://registry.npmjs.org/@codeproxy/core/-/core-0.1.15.tgz",
      "integrity": "sha512-pwbUVlolgoTA/LFpPl2UkoP14ousoKx7dBchxgMv21kizkOdfYqCcruiHyUQ/apa3HlZPBZZjvIxBFoCv45cMw==",
      "license": "MIT",
      "engines": {
        "node": ">=18"
      }
    }
  }
}
